SCHEMA=1
LICENSE_SPDX=GPL-3.0-only
LICENSE_SHA256=3972dc9744f6499f0f9b2dbf76696f2ae7ad8af9b23dde66d6af86c9dfb36986
XOVI_URL=https://github.com/asivery/xovi.git
XOVI_TAG=v0.3.3
XOVI_COMMIT=0c8d5269b55c851901d4e4a754dc2d7deab40b17
EXTENSIONS_URL=https://github.com/asivery/rm-xovi-extensions.git
EXTENSIONS_TAG=v19-23052026
EXTENSIONS_COMMIT=7874154dba6793cc68a15fae0fb9dd272c4ed20a
QMLDIFF_URL=https://github.com/asivery/qmldiff.git
QMLDIFF_COMMIT=25681c3cc7addb93fdbb41ceac1f1bdce8b2625d
APPLOAD_URL=https://github.com/asivery/rm-appload.git
APPLOAD_327_TAG=v0.5.3
APPLOAD_327_COMMIT=5bb34a362f09f753f18bd6261558f8e2737aacdb
APPLOAD_328_BASE_COMMIT=40506d47427123f07030bb2e83453a43d035b16a
APPLOAD_328_DIRTY_RECT_COMMIT=a7b0aa54f6da03f4dad2ec09366067bdb8bc23c7
APPLOAD_328_DIRTY_BLIT_COMMIT=42e39411373ef1e0cfd8d987bceb7f05ebfc0a87
RUST_TOOLCHAIN=1.82.0
RUSTUP_VERSION=1.27.1
RUSTUP_INIT_SHA256=6aeece6993e902708983b209d04c0d1dbb14ebb405ddb87def578d41f920f56d
BUILDER_IMAGE=docker.io/eeems/remarkable-toolchain@sha256:9d9ece2ce1e2eeb80a4a7ece17cc9afc4085316e26909afae0af5050a72e167e
RM_SDK_URL=https://storage.googleapis.com/remarkable-codex-toolchain/3.18.1.1/rm2/remarkable-production-image-4.4.128-rm2-public-x86_64-toolchain.sh
RM_SDK_SHA256=bb959403cb53f13c815393f8b20c4845e6493ba181c51ccbda8f88f3fce8dca3
RM_SDK_DISTRO_VERSION=4.4.128
RM_SDK_METADATA_REVISION=8e092852b63e998d990b8f8e1aa91297dec4430f
RM_SDK_TIMESTAMP=20250519164422
APPLOAD_327_PATCH_SHA256=547fc37d0b72a5fc8f03ccc5acc6f0fd4a68319a5ae0dabdc87dee3a591568b4
APPLOAD_328_PERFORMANCE_PATCH_SHA256=983adab197dcd500459da403d19d89f9d626c4193fcd41371505522cda71e9d1
APPLOAD_328_PLUTO_PATCH_SHA256=e03312a66a2a38b43883d0f30f990059b427181f1ec663ed67565d603627d8e1
REFERENCE_XOVI_SHA256=2878d88da2dcb37dcf5533fa78aeeb5cc933eb8c7e5b9041213a4e135a7fff14
REFERENCE_QRR_SHA256=3850e3ceca1a22dd19d0ded854719c45cf553415f909e3cf5aa0e17efab2dbac
HISTORICAL_QMLDIFF_STATICLIB_SHA256=6669a634dba3fd80e17235f45c63c1d9ad49607d88a6fee0ce5f2e8a3b8c4ffd
REFERENCE_QTFB_SHIM_32_SHA256=19a9d2c75741113f37f81f7affead40eeb12fa3cc41109b7f41ba154f60799cc
REFERENCE_QTFB_SHIM_SHA256=4eab5f8f54d5fbaaba86497128b3b5029dc07033ac9dd499a226638cc255e9d2
REFERENCE_APPLOAD_327_SHA256=16687c359c96720c631362c5aa902be737cf1ad4b5f37c37c0c18d6a29812377
REFERENCE_APPLOAD_328_SHA256=5539cb400d3ce782214eefa7b2e65e8e69fc27817aacd8c067319a4a14dc4b9d
REFERENCE_CONTROL_CLIENT_SHA256=6463d35152f9328ab1910363a2f76dde1e16167820b8fdd4749eaf16337dc1d0
RM1_FIRMWARE=3.27.3.0
RM1_BUILD_ID=20260612085811
RM1_XOCHITL_SHA256=28268d44e710738622e576ca9256d14045fd8a18464252f3fb266c7f28d00b1f
RM1_HASHTAB_SHA256=01c294ff28a21336814d657e27c5de2c83a8ad0e03b143e9cef6216dacfefc86
RM2_FIRMWARE=3.28.0.162
RM2_BUILD_ID=20260629074044
RM2_XOCHITL_SHA256=e0fef1de8e4644b6ef6d829436deaa8d8e8a083c14a806f6300b2de248199b18
RM2_HASHTAB_SHA256=b64584f7cd0520be6abe984a6b4c9c0b4ebcead56b66a11c9a96a41139421db6
